// !$*UTF8*$!
{
	archiveVersion = 1;
	classes = {
	};
	objectVersion = 46;
	objects = {

/* Begin PBXBuildFile section */
		969C535D17FCAA9C00B959A3 /* HKCategory.m in Sources */ = {isa = PBXBuildFile; fileRef = 969C535817FCAA9C00B959A3 /* HKCategory.m */; };
		969C535E17FCAA9C00B959A3 /* HKPoem.m in Sources */ = {isa = PBXBuildFile; fileRef = 969C535A17FCAA9C00B959A3 /* HKPoem.m */; };
		969C535F17FCAA9C00B959A3 /* HKPoemDataModel.xcdatamodeld in Sources */ = {isa = PBXBuildFile; fileRef = 969C535B17FCAA9C00B959A3 /* HKPoemDataModel.xcdatamodeld */; };
		969C536B17FCB0F100B959A3 /* PoemData.sqlite in Resources */ = {isa = PBXBuildFile; fileRef = 969C536917FCAEE800B959A3 /* PoemData.sqlite */; };
		9C4CED6717E53ACA00D32549 /* HKBaseViewController.m in Sources */ = {isa = PBXBuildFile; fileRef = 9C4CED6617E53ACA00D32549 /* HKBaseViewController.m */; };
		9C4CED6B17E53B1300D32549 /* HKHomeViewController.m in Sources */ = {isa = PBXBuildFile; fileRef = 9C4CED6A17E53B1300D32549 /* HKHomeViewController.m */; };
		9C4CED7517E53C6800D32549 /* HKPoemsListViewController.m in Sources */ = {isa = PBXBuildFile; fileRef = 9C4CED7417E53C6800D32549 /* HKPoemsListViewController.m */; };
		9C4CED7817E53C8200D32549 /* HKFavoritePoemsViewController.m in Sources */ = {isa = PBXBuildFile; fileRef = 9C4CED7717E53C8200D32549 /* HKFavoritePoemsViewController.m */; };
		9C4CED7B17E53C9900D32549 /* HKAllPoemsViewController.m in Sources */ = {isa = PBXBuildFile; fileRef = 9C4CED7A17E53C9900D32549 /* HKAllPoemsViewController.m */; };
		9C4CED7F17E5420100D32549 /* HKPoemWebView.m in Sources */ = {isa = PBXBuildFile; fileRef = 9C4CED7E17E5420100D32549 /* HKPoemWebView.m */; };
		9C4CED8517E54D1A00D32549 /* iphone_tmpl.html in Resources */ = {isa = PBXBuildFile; fileRef = 9C4CED8417E54D1A00D32549 /* iphone_tmpl.html */; };
		9C4CED8717E54E2D00D32549 /* iphone_tmpl.css in Resources */ = {isa = PBXBuildFile; fileRef = 9C4CED8617E54E2D00D32549 /* iphone_tmpl.css */; };
		9C4CEE9B17E557B100D32549 /* SWRevealViewController.m in Sources */ = {isa = PBXBuildFile; fileRef = 9C4CEE9A17E557B100D32549 /* SWRevealViewController.m */; };
		9C9A33671800987D00A76468 /* HKInitialViewController.m in Sources */ = {isa = PBXBuildFile; fileRef = 9C9A33661800987D00A76468 /* HKInitialViewController.m */; };
		9C9A33691800996D00A76468 /* HKHomeViewController_iPhone.xib in Resources */ = {isa = PBXBuildFile; fileRef = 9C9A33681800996D00A76468 /* HKHomeViewController_iPhone.xib */; };
		9C9A336B18009A8A00A76468 /* HKAllPoemsViewController_iPhone.xib in Resources */ = {isa = PBXBuildFile; fileRef = 9C9A336A18009A8A00A76468 /* HKAllPoemsViewController_iPhone.xib */; };
		9C9A336D18009AFB00A76468 /* HKFavoritePoemsViewController_iPhone.xib in Resources */ = {isa = PBXBuildFile; fileRef = 9C9A336C18009AFB00A76468 /* HKFavoritePoemsViewController_iPhone.xib */; };
		9CB5CD2B17FBB0F400DD01BC /* HKCoreDataHandler.m in Sources */ = {isa = PBXBuildFile; fileRef = 9CB5CD2A17FBB0F400DD01BC /* HKCoreDataHandler.m */; };
		9CB5CD2D17FBB17A00DD01BC /* CoreData.framework in Frameworks */ = {isa = PBXBuildFile; fileRef = 9CB5CD2C17FBB17A00DD01BC /* CoreData.framework */; };
		C7A8D25E17E1397800D235ED /* Foundation.framework in Frameworks */ = {isa = PBXBuildFile; fileRef = C7A8D25D17E1397800D235ED /* Foundation.framework */; };
		C7A8D26017E1397800D235ED /* CoreGraphics.framework in Frameworks */ = {isa = PBXBuildFile; fileRef = C7A8D25F17E1397800D235ED /* CoreGraphics.framework */; };
		C7A8D26217E1397800D235ED /* UIKit.framework in Frameworks */ = {isa = PBXBuildFile; fileRef = C7A8D26117E1397800D235ED /* UIKit.framework */; };
		C7A8D26817E1397800D235ED /* InfoPlist.strings in Resources */ = {isa = PBXBuildFile; fileRef = C7A8D26617E1397800D235ED /* InfoPlist.strings */; };
		C7A8D26A17E1397800D235ED /* main.m in Sources */ = {isa = PBXBuildFile; fileRef = C7A8D26917E1397800D235ED /* main.m */; };
		C7A8D26E17E1397800D235ED /* HKAppDelegate.m in Sources */ = {isa = PBXBuildFile; fileRef = C7A8D26D17E1397800D235ED /* HKAppDelegate.m */; };
		C7A8D27117E1397800D235ED /* Main_iPhone.storyboard in Resources */ = {isa = PBXBuildFile; fileRef = C7A8D26F17E1397800D235ED /* Main_iPhone.storyboard */; };
		C7A8D27417E1397800D235ED /* Main_iPad.storyboard in Resources */ = {isa = PBXBuildFile; fileRef = C7A8D27217E1397800D235ED /* Main_iPad.storyboard */; };
		C7A8D27917E1397800D235ED /* Images.xcassets in Resources */ = {isa = PBXBuildFile; fileRef = C7A8D27817E1397800D235ED /* Images.xcassets */; };
		C7A8D28017E1397800D235ED /* XCTest.framework in Frameworks */ = {isa = PBXBuildFile; fileRef = C7A8D27F17E1397800D235ED /* XCTest.framework */; };
		C7A8D28117E1397800D235ED /* Foundation.framework in Frameworks */ = {isa = PBXBuildFile; fileRef = C7A8D25D17E1397800D235ED /* Foundation.framework */; };
		C7A8D28217E1397800D235ED /* UIKit.framework in Frameworks */ = {isa = PBXBuildFile; fileRef = C7A8D26117E1397800D235ED /* UIKit.framework */; };
		C7A8D28A17E1397800D235ED /* InfoPlist.strings in Resources */ = {isa = PBXBuildFile; fileRef = C7A8D28817E1397800D235ED /* InfoPlist.strings */; };
		C7A8D28C17E1397800D235ED /* haikuTests.m in Sources */ = {isa = PBXBuildFile; fileRef = C7A8D28B17E1397800D235ED /* haikuTests.m */; };
		D47946C31819A2CA00B7641C /* images in Resources */ = {isa = PBXBuildFile; fileRef = D47946C21819A2CA00B7641C /* images */; };
/* End PBXBuildFile section */

/* Begin PBXContainerItemProxy section */
		C7A8D28317E1397800D235ED /* PBXContainerItemProxy */ = {
			isa = PBXContainerItemProxy;
			containerPortal = C7A8D25217E1397800D235ED /* Project object */;
			proxyType = 1;
			remoteGlobalIDString = C7A8D25917E1397800D235ED;
			remoteInfo = haiku;
		};
/* End PBXContainerItemProxy section */

/* Begin PBXFileReference section */
		969C535717FCAA9C00B959A3 /* HKCategory.h */ = {isa = PBXFileReference; fileEncoding = 4; lastKnownFileType = sourcecode.c.h; name = HKCategory.h; path = "Third-Party Libraries/PoemData/PoemData/HKCategory.h"; sourceTree = "<group>"; };
		969C535817FCAA9C00B959A3 /* HKCategory.m */ = {isa = PBXFileReference; fileEncoding = 4; lastKnownFileType = sourcecode.c.objc; name = HKCategory.m; path = "Third-Party Libraries/PoemData/PoemData/HKCategory.m"; sourceTree = "<group>"; };
		969C535917FCAA9C00B959A3 /* HKPoem.h */ = {isa = PBXFileReference; fileEncoding = 4; lastKnownFileType = sourcecode.c.h; name = HKPoem.h; path = "Third-Party Libraries/PoemData/PoemData/HKPoem.h"; sourceTree = "<group>"; };
		969C535A17FCAA9C00B959A3 /* HKPoem.m */ = {isa = PBXFileReference; fileEncoding = 4; lastKnownFileType = sourcecode.c.objc; name = HKPoem.m; path = "Third-Party Libraries/PoemData/PoemData/HKPoem.m"; sourceTree = "<group>"; };
		969C535C17FCAA9C00B959A3 /* HKPoemDataModel.xcdatamodel */ = {isa = PBXFileReference; lastKnownFileType = wrapper.xcdatamodel; path = HKPoemDataModel.xcdatamodel; sourceTree = "<group>"; };
		969C536917FCAEE800B959A3 /* PoemData.sqlite */ = {isa = PBXFileReference; lastKnownFileType = file; path = PoemData.sqlite; sourceTree = "<group>"; };
		9C4CED6517E53ACA00D32549 /* HKBaseViewController.h */ = {isa = PBXFileReference; fileEncoding = 4; lastKnownFileType = sourcecode.c.h; name = HKBaseViewController.h; path = "Classes/View Controllers/HKBaseViewController/HKBaseViewController.h"; sourceTree = "<group>"; };
		9C4CED6617E53ACA00D32549 /* HKBaseViewController.m */ = {isa = PBXFileReference; fileEncoding = 4; lastKnownFileType = sourcecode.c.objc; name = HKBaseViewController.m; path = "Classes/View Controllers/HKBaseViewController/HKBaseViewController.m"; sourceTree = "<group>"; };
		9C4CED6917E53B1300D32549 /* HKHomeViewController.h */ = {isa = PBXFileReference; fileEncoding = 4; lastKnownFileType = sourcecode.c.h; name = HKHomeViewController.h; path = "Classes/View Controllers/HKHomeViewController/HKHomeViewController.h"; sourceTree = "<group>"; };
		9C4CED6A17E53B1300D32549 /* HKHomeViewController.m */ = {isa = PBXFileReference; fileEncoding = 4; lastKnownFileType = sourcecode.c.objc; name = HKHomeViewController.m; path = "Classes/View Controllers/HKHomeViewController/HKHomeViewController.m"; sourceTree = "<group>"; };
		9C4CED7317E53C6800D32549 /* HKPoemsListViewController.h */ = {isa = PBXFileReference; fileEncoding = 4; lastKnownFileType = sourcecode.c.h; name = HKPoemsListViewController.h; path = "Classes/View Controllers/HKPoemsListViewController/HKPoemsListViewController.h"; sourceTree = "<group>"; };
		9C4CED7417E53C6800D32549 /* HKPoemsListViewController.m */ = {isa = PBXFileReference; fileEncoding = 4; lastKnownFileType = sourcecode.c.objc; name = HKPoemsListViewController.m; path = "Classes/View Controllers/HKPoemsListViewController/HKPoemsListViewController.m"; sourceTree = "<group>"; };
		9C4CED7617E53C8200D32549 /* HKFavoritePoemsViewController.h */ = {isa = PBXFileReference; fileEncoding = 4; lastKnownFileType = sourcecode.c.h; name = HKFavoritePoemsViewController.h; path = "Classes/View Controllers/HKFavoritePoemsViewController/HKFavoritePoemsViewController.h"; sourceTree = "<group>"; };
		9C4CED7717E53C8200D32549 /* HKFavoritePoemsViewController.m */ = {isa = PBXFileReference; fileEncoding = 4; lastKnownFileType = sourcecode.c.objc; name = HKFavoritePoemsViewController.m; path = "Classes/View Controllers/HKFavoritePoemsViewController/HKFavoritePoemsViewController.m"; sourceTree = "<group>"; };
		9C4CED7917E53C9900D32549 /* HKAllPoemsViewController.h */ = {isa = PBXFileReference; fileEncoding = 4; lastKnownFileType = sourcecode.c.h; name = HKAllPoemsViewController.h; path = "Classes/View Controllers/HKAllPoemsViewController/HKAllPoemsViewController.h"; sourceTree = "<group>"; };
		9C4CED7A17E53C9900D32549 /* HKAllPoemsViewController.m */ = {isa = PBXFileReference; fileEncoding = 4; lastKnownFileType = sourcecode.c.objc; name = HKAllPoemsViewController.m; path = "Classes/View Controllers/HKAllPoemsViewController/HKAllPoemsViewController.m"; sourceTree = "<group>"; };
		9C4CED7D17E5420100D32549 /* HKPoemWebView.h */ = {isa = PBXFileReference; fileEncoding = 4; lastKnownFileType = sourcecode.c.h; name = HKPoemWebView.h; path = Classes/HKPoemWebView/HKPoemWebView.h; sourceTree = "<group>"; };
		9C4CED7E17E5420100D32549 /* HKPoemWebView.m */ = {isa = PBXFileReference; fileEncoding = 4; lastKnownFileType = sourcecode.c.objc; name = HKPoemWebView.m; path = Classes/HKPoemWebView/HKPoemWebView.m; sourceTree = "<group>"; };
		9C4CED8417E54D1A00D32549 /* iphone_tmpl.html */ = {isa = PBXFileReference; fileEncoding = 4; lastKnownFileType = text.html; name = iphone_tmpl.html; path = "Resources/HTML Templates/iphone_tmpl.html"; sourceTree = "<group>"; };
		9C4CED8617E54E2D00D32549 /* iphone_tmpl.css */ = {isa = PBXFileReference; fileEncoding = 4; lastKnownFileType = text.css; name = iphone_tmpl.css; path = "Resources/HTML Templates/iphone_tmpl.css"; sourceTree = "<group>"; };
		9C4CEE9917E557B100D32549 /* SWRevealViewController.h */ = {isa = PBXFileReference; fileEncoding = 4; lastKnownFileType = sourcecode.c.h; name = SWRevealViewController.h; path = "Third-Party Libraries/SWRevealViewController/SWRevealViewController/SWRevealViewController.h"; sourceTree = "<group>"; };
		9C4CEE9A17E557B100D32549 /* SWRevealViewController.m */ = {isa = PBXFileReference; fileEncoding = 4; lastKnownFileType = sourcecode.c.objc; name = SWRevealViewController.m; path = "Third-Party Libraries/SWRevealViewController/SWRevealViewController/SWRevealViewController.m"; sourceTree = "<group>"; };
		9C9A33651800987D00A76468 /* HKInitialViewController.h */ = {isa = PBXFileReference; fileEncoding = 4; lastKnownFileType = sourcecode.c.h; name = HKInitialViewController.h; path = "Classes/View Controllers/HKInitialViewController/HKInitialViewController.h"; sourceTree = "<group>"; };
		9C9A33661800987D00A76468 /* HKInitialViewController.m */ = {isa = PBXFileReference; fileEncoding = 4; lastKnownFileType = sourcecode.c.objc; name = HKInitialViewController.m; path = "Classes/View Controllers/HKInitialViewController/HKInitialViewController.m"; sourceTree = "<group>"; };
		9C9A33681800996D00A76468 /* HKHomeViewController_iPhone.xib */ = {isa = PBXFileReference; fileEncoding = 4; lastKnownFileType = file.xib; name = HKHomeViewController_iPhone.xib; path = "Classes/View Controllers/HKHomeViewController/HKHomeViewController_iPhone.xib"; sourceTree = "<group>"; };
		9C9A336A18009A8A00A76468 /* HKAllPoemsViewController_iPhone.xib */ = {isa = PBXFileReference; fileEncoding = 4; lastKnownFileType = file.xib; name = HKAllPoemsViewController_iPhone.xib; path = "Classes/View Controllers/HKAllPoemsViewController/HKAllPoemsViewController_iPhone.xib"; sourceTree = "<group>"; };
		9C9A336C18009AFB00A76468 /* HKFavoritePoemsViewController_iPhone.xib */ = {isa = PBXFileReference; fileEncoding = 4; lastKnownFileType = file.xib; name = HKFavoritePoemsViewController_iPhone.xib; path = "Classes/View Controllers/HKFavoritePoemsViewController/HKFavoritePoemsViewController_iPhone.xib"; sourceTree = "<group>"; };
		9CB5CD2917FBB0F400DD01BC /* HKCoreDataHandler.h */ = {isa = PBXFileReference; fileEncoding = 4; lastKnownFileType = sourcecode.c.h; name = HKCoreDataHandler.h; path = Classes/CoreData/HKCoreDataHandler.h; sourceTree = "<group>"; };
		9CB5CD2A17FBB0F400DD01BC /* HKCoreDataHandler.m */ = {isa = PBXFileReference; fileEncoding = 4; lastKnownFileType = sourcecode.c.objc; name = HKCoreDataHandler.m; path = Classes/CoreData/HKCoreDataHandler.m; sourceTree = "<group>"; };
		9CB5CD2C17FBB17A00DD01BC /* CoreData.framework */ = {isa = PBXFileReference; lastKnownFileType = wrapper.framework; name = CoreData.framework; path = System/Library/Frameworks/CoreData.framework; sourceTree = SDKROOT; };
		9CB5CD3B17FBB39D00DD01BC /* jp.json */ = {isa = PBXFileReference; fileEncoding = 4; lastKnownFileType = text.json; path = jp.json; sourceTree = "<group>"; };
		9CB5CD3C17FBB39D00DD01BC /* sp.json */ = {isa = PBXFileReference; fileEncoding = 4; lastKnownFileType = text.json; path = sp.json; sourceTree = "<group>"; };
		9CB5CD3D17FBB39D00DD01BC /* us.json */ = {isa = PBXFileReference; fileEncoding = 4; lastKnownFileType = text.json; path = us.json; sourceTree = "<group>"; };
		C7A8D25A17E1397800D235ED /* haiku.app */ = {isa = PBXFileReference; explicitFileType = wrapper.application; includeInIndex = 0; path = haiku.app; sourceTree = BUILT_PRODUCTS_DIR; };
		C7A8D25D17E1397800D235ED /* Foundation.framework */ = {isa = PBXFileReference; lastKnownFileType = wrapper.framework; name = Foundation.framework; path = System/Library/Frameworks/Foundation.framework; sourceTree = SDKROOT; };
		C7A8D25F17E1397800D235ED /* CoreGraphics.framework */ = {isa = PBXFileReference; lastKnownFileType = wrapper.framework; name = CoreGraphics.framework; path = System/Library/Frameworks/CoreGraphics.framework; sourceTree = SDKROOT; };
		C7A8D26117E1397800D235ED /* UIKit.framework */ = {isa = PBXFileReference; lastKnownFileType = wrapper.framework; name = UIKit.framework; path = System/Library/Frameworks/UIKit.framework; sourceTree = SDKROOT; };
		C7A8D26517E1397800D235ED /* haiku-Info.plist */ = {isa = PBXFileReference; lastKnownFileType = text.plist.xml; path = "haiku-Info.plist"; sourceTree = "<group>"; };
		C7A8D26717E1397800D235ED /* en */ = {isa = PBXFileReference; lastKnownFileType = text.plist.strings; name = en; path = en.lproj/InfoPlist.strings; sourceTree = "<group>"; };
		C7A8D26917E1397800D235ED /* main.m */ = {isa = PBXFileReference; lastKnownFileType = sourcecode.c.objc; path = main.m; sourceTree = "<group>"; };
		C7A8D26B17E1397800D235ED /* haiku-Prefix.pch */ = {isa = PBXFileReference; lastKnownFileType = sourcecode.c.h; path = "haiku-Prefix.pch"; sourceTree = "<group>"; };
		C7A8D26C17E1397800D235ED /* HKAppDelegate.h */ = {isa = PBXFileReference; lastKnownFileType = sourcecode.c.h; path = HKAppDelegate.h; sourceTree = "<group>"; };
		C7A8D26D17E1397800D235ED /* HKAppDelegate.m */ = {isa = PBXFileReference; lastKnownFileType = sourcecode.c.objc; path = HKAppDelegate.m; sourceTree = "<group>"; };
		C7A8D27017E1397800D235ED /* Base */ = {isa = PBXFileReference; lastKnownFileType = file.storyboard; name = Base; path = Base.lproj/Main_iPhone.storyboard; sourceTree = "<group>"; };
		C7A8D27317E1397800D235ED /* Base */ = {isa = PBXFileReference; lastKnownFileType = file.storyboard; name = Base; path = Base.lproj/Main_iPad.storyboard; sourceTree = "<group>"; };
		C7A8D27817E1397800D235ED /* Images.xcassets */ = {isa = PBXFileReference; lastKnownFileType = folder.assetcatalog; path = Images.xcassets; sourceTree = "<group>"; };
		C7A8D27E17E1397800D235ED /* haikuTests.xctest */ = {isa = PBXFileReference; explicitFileType = wrapper.cfbundle; includeInIndex = 0; path = haikuTests.xctest; sourceTree = BUILT_PRODUCTS_DIR; };
		C7A8D27F17E1397800D235ED /* XCTest.framework */ = {isa = PBXFileReference; lastKnownFileType = wrapper.framework; name = XCTest.framework; path = Library/Frameworks/XCTest.framework; sourceTree = DEVELOPER_DIR; };
		C7A8D28717E1397800D235ED /* haikuTests-Info.plist */ = {isa = PBXFileReference; lastKnownFileType = text.plist.xml; path = "haikuTests-Info.plist"; sourceTree = "<group>"; };
		C7A8D28917E1397800D235ED /* en */ = {isa = PBXFileReference; lastKnownFileType = text.plist.strings; name = en; path = en.lproj/InfoPlist.strings; sourceTree = "<group>"; };
		C7A8D28B17E1397800D235ED /* haikuTests.m */ = {isa = PBXFileReference; lastKnownFileType = sourcecode.c.objc; path = haikuTests.m; sourceTree = "<group>"; };
		D47946C21819A2CA00B7641C /* images */ = {isa = PBXFileReference; lastKnownFileType = folder; path = images; sourceTree = "<group>"; };
/* End PBXFileReference section */

/* Begin PBXFrameworksBuildPhase section */
		C7A8D25717E1397800D235ED /* Frameworks */ = {
			isa = PBXFrameworksBuildPhase;
			buildActionMask = 2147483647;
			files = (
				9CB5CD2D17FBB17A00DD01BC /* CoreData.framework in Frameworks */,
				C7A8D26017E1397800D235ED /* CoreGraphics.framework in Frameworks */,
				C7A8D26217E1397800D235ED /* UIKit.framework in Frameworks */,
				C7A8D25E17E1397800D235ED /* Foundation.framework in Frameworks */,
			);
			runOnlyForDeploymentPostprocessing = 0;
		};
		C7A8D27B17E1397800D235ED /* Frameworks */ = {
			isa = PBXFrameworksBuildPhase;
			buildActionMask = 2147483647;
			files = (
				C7A8D28017E1397800D235ED /* XCTest.framework in Frameworks */,
				C7A8D28217E1397800D235ED /* UIKit.framework in Frameworks */,
				C7A8D28117E1397800D235ED /* Foundation.framework in Frameworks */,
			);
			runOnlyForDeploymentPostprocessing = 0;
		};
/* End PBXFrameworksBuildPhase section */

/* Begin PBXGroup section */
		969C535617FCAA3800B959A3 /* PoemData */ = {
			isa = PBXGroup;
			children = (
				969C536917FCAEE800B959A3 /* PoemData.sqlite */,
				969C535717FCAA9C00B959A3 /* HKCategory.h */,
				969C535817FCAA9C00B959A3 /* HKCategory.m */,
				969C535917FCAA9C00B959A3 /* HKPoem.h */,
				969C535A17FCAA9C00B959A3 /* HKPoem.m */,
				969C535B17FCAA9C00B959A3 /* HKPoemDataModel.xcdatamodeld */,
			);
			name = PoemData;
			sourceTree = "<group>";
		};
		9C4CED6217E53A8500D32549 /* Classes */ = {
			isa = PBXGroup;
			children = (
				9CB5CD2817FBB0C800DD01BC /* CoreData */,
				9C4CED6317E53A8C00D32549 /* View Controllers */,
				9C4CED7C17E541D000D32549 /* HKPoemWebView */,
			);
			name = Classes;
			sourceTree = "<group>";
		};
		9C4CED6317E53A8C00D32549 /* View Controllers */ = {
			isa = PBXGroup;
			children = (
				9C4CED6417E53A9E00D32549 /* HKBaseViewController */,
				9C9A33641800983500A76468 /* HKInitialViewController */,
				9C4CED6817E53AEA00D32549 /* HKHomeViewController */,
				9C4CED7017E53C2000D32549 /* HKPoemsListViewController */,
				9C4CED7217E53C4600D32549 /* HKAllPoemsViewController */,
				9C4CED7117E53C3100D32549 /* HKFavoritePoemsViewController */,
			);
			name = "View Controllers";
			sourceTree = "<group>";
		};
		9C4CED6417E53A9E00D32549 /* HKBaseViewController */ = {
			isa = PBXGroup;
			children = (
				9C4CED6517E53ACA00D32549 /* HKBaseViewController.h */,
				9C4CED6617E53ACA00D32549 /* HKBaseViewController.m */,
			);
			name = HKBaseViewController;
			sourceTree = "<group>";
		};
		9C4CED6817E53AEA00D32549 /* HKHomeViewController */ = {
			isa = PBXGroup;
			children = (
				9C4CED6917E53B1300D32549 /* HKHomeViewController.h */,
				9C4CED6A17E53B1300D32549 /* HKHomeViewController.m */,
				9C9A33681800996D00A76468 /* HKHomeViewController_iPhone.xib */,
			);
			name = HKHomeViewController;
			sourceTree = "<group>";
		};
		9C4CED7017E53C2000D32549 /* HKPoemsListViewController */ = {
			isa = PBXGroup;
			children = (
				9C4CED7317E53C6800D32549 /* HKPoemsListViewController.h */,
				9C4CED7417E53C6800D32549 /* HKPoemsListViewController.m */,
			);
			name = HKPoemsListViewController;
			sourceTree = "<group>";
		};
		9C4CED7117E53C3100D32549 /* HKFavoritePoemsViewController */ = {
			isa = PBXGroup;
			children = (
				9C4CED7617E53C8200D32549 /* HKFavoritePoemsViewController.h */,
				9C4CED7717E53C8200D32549 /* HKFavoritePoemsViewController.m */,
				9C9A336C18009AFB00A76468 /* HKFavoritePoemsViewController_iPhone.xib */,
			);
			name = HKFavoritePoemsViewController;
			sourceTree = "<group>";
		};
		9C4CED7217E53C4600D32549 /* HKAllPoemsViewController */ = {
			isa = PBXGroup;
			children = (
				9C4CED7917E53C9900D32549 /* HKAllPoemsViewController.h */,
				9C4CED7A17E53C9900D32549 /* HKAllPoemsViewController.m */,
				9C9A336A18009A8A00A76468 /* HKAllPoemsViewController_iPhone.xib */,
			);
			name = HKAllPoemsViewController;
			sourceTree = "<group>";
		};
		9C4CED7C17E541D000D32549 /* HKPoemWebView */ = {
			isa = PBXGroup;
			children = (
				9C4CED7D17E5420100D32549 /* HKPoemWebView.h */,
				9C4CED7E17E5420100D32549 /* HKPoemWebView.m */,
			);
			name = HKPoemWebView;
			sourceTree = "<group>";
		};
		9C4CED8217E54A5F00D32549 /* Resources */ = {
			isa = PBXGroup;
			children = (
				9CB5CD3A17FBB39D00DD01BC /* PoemsJSON */,
				9C4CED8317E54C0B00D32549 /* HTML Templates */,
			);
			name = Resources;
			sourceTree = "<group>";
		};
		9C4CED8317E54C0B00D32549 /* HTML Templates */ = {
			isa = PBXGroup;
			children = (
				9C4CED8617E54E2D00D32549 /* iphone_tmpl.css */,
				9C4CED8417E54D1A00D32549 /* iphone_tmpl.html */,
			);
			name = "HTML Templates";
			sourceTree = "<group>";
		};
		9C4CED8817E556A400D32549 /* Third-Party Libraries */ = {
			isa = PBXGroup;
			children = (
				969C535617FCAA3800B959A3 /* PoemData */,
				9C4CEE9817E5579F00D32549 /* SWRevealViewController */,
			);
			name = "Third-Party Libraries";
			sourceTree = "<group>";
		};
		9C4CEE9817E5579F00D32549 /* SWRevealViewController */ = {
			isa = PBXGroup;
			children = (
				9C4CEE9917E557B100D32549 /* SWRevealViewController.h */,
				9C4CEE9A17E557B100D32549 /* SWRevealViewController.m */,
			);
			name = SWRevealViewController;
			sourceTree = "<group>";
		};
		9C9A33641800983500A76468 /* HKInitialViewController */ = {
			isa = PBXGroup;
			children = (
				9C9A33651800987D00A76468 /* HKInitialViewController.h */,
				9C9A33661800987D00A76468 /* HKInitialViewController.m */,
			);
			name = HKInitialViewController;
			sourceTree = "<group>";
		};
		9CB5CD2817FBB0C800DD01BC /* CoreData */ = {
			isa = PBXGroup;
			children = (
				9CB5CD2917FBB0F400DD01BC /* HKCoreDataHandler.h */,
				9CB5CD2A17FBB0F400DD01BC /* HKCoreDataHandler.m */,
			);
			name = CoreData;
			sourceTree = "<group>";
		};
		9CB5CD3A17FBB39D00DD01BC /* PoemsJSON */ = {
			isa = PBXGroup;
			children = (
				9CB5CD3B17FBB39D00DD01BC /* jp.json */,
				9CB5CD3C17FBB39D00DD01BC /* sp.json */,
				9CB5CD3D17FBB39D00DD01BC /* us.json */,
			);
			name = PoemsJSON;
			path = Resources/PoemsJSON;
			sourceTree = "<group>";
		};
		C7A8D25117E1397800D235ED = {
			isa = PBXGroup;
			children = (
				C7A8D26317E1397800D235ED /* haiku */,
				C7A8D28517E1397800D235ED /* haikuTests */,
				C7A8D25C17E1397800D235ED /* Frameworks */,
				C7A8D25B17E1397800D235ED /* Products */,
			);
			sourceTree = "<group>";
		};
		C7A8D25B17E1397800D235ED /* Products */ = {
			isa = PBXGroup;
			children = (
				C7A8D25A17E1397800D235ED /* haiku.app */,
				C7A8D27E17E1397800D235ED /* haikuTests.xctest */,
			);
			name = Products;
			sourceTree = "<group>";
		};
		C7A8D25C17E1397800D235ED /* Frameworks */ = {
			isa = PBXGroup;
			children = (
				9CB5CD2C17FBB17A00DD01BC /* CoreData.framework */,
				C7A8D25D17E1397800D235ED /* Foundation.framework */,
				C7A8D25F17E1397800D235ED /* CoreGraphics.framework */,
				C7A8D26117E1397800D235ED /* UIKit.framework */,
				C7A8D27F17E1397800D235ED /* XCTest.framework */,
			);
			name = Frameworks;
			sourceTree = "<group>";
		};
		C7A8D26317E1397800D235ED /* haiku */ = {
			isa = PBXGroup;
			children = (
				D47946C21819A2CA00B7641C /* images */,
				C7A8D26C17E1397800D235ED /* HKAppDelegate.h */,
				C7A8D26D17E1397800D235ED /* HKAppDelegate.m */,
				C7A8D26F17E1397800D235ED /* Main_iPhone.storyboard */,
				C7A8D27217E1397800D235ED /* Main_iPad.storyboard */,
				C7A8D27817E1397800D235ED /* Images.xcassets */,
				9C4CED6217E53A8500D32549 /* Classes */,
				9C4CED8217E54A5F00D32549 /* Resources */,
				9C4CED8817E556A400D32549 /* Third-Party Libraries */,
				C7A8D26417E1397800D235ED /* Supporting Files */,
			);
			path = haiku;
			sourceTree = "<group>";
		};
		C7A8D26417E1397800D235ED /* Supporting Files */ = {
			isa = PBXGroup;
			children = (
				C7A8D26517E1397800D235ED /* haiku-Info.plist */,
				C7A8D26617E1397800D235ED /* InfoPlist.strings */,
				C7A8D26917E1397800D235ED /* main.m */,
				C7A8D26B17E1397800D235ED /* haiku-Prefix.pch */,
			);
			name = "Supporting Files";
			sourceTree = "<group>";
		};
		C7A8D28517E1397800D235ED /* haikuTests */ = {
			isa = PBXGroup;
			children = (
				C7A8D28B17E1397800D235ED /* haikuTests.m */,
				C7A8D28617E1397800D235ED /* Supporting Files */,
			);
			path = haikuTests;
			sourceTree = "<group>";
		};
		C7A8D28617E1397800D235ED /* Supporting Files */ = {
			isa = PBXGroup;
			children = (
				C7A8D28717E1397800D235ED /* haikuTests-Info.plist */,
				C7A8D28817E1397800D235ED /* InfoPlist.strings */,
			);
			name = "Supporting Files";
			sourceTree = "<group>";
		};
/* End PBXGroup section */

/* Begin PBXNativeTarget section */
		C7A8D25917E1397800D235ED /* haiku */ = {
			isa = PBXNativeTarget;
			buildConfigurationList = C7A8D28F17E1397800D235ED /* Build configuration list for PBXNativeTarget "haiku" */;
			buildPhases = (
				C7A8D25617E1397800D235ED /* Sources */,
				C7A8D25717E1397800D235ED /* Frameworks */,
				C7A8D25817E1397800D235ED /* Resources */,
			);
			buildRules = (
			);
			dependencies = (
			);
			name = haiku;
			productName = haiku;
			productReference = C7A8D25A17E1397800D235ED /* haiku.app */;
			productType = "com.apple.product-type.application";
		};
		C7A8D27D17E1397800D235ED /* haikuTests */ = {
			isa = PBXNativeTarget;
			buildConfigurationList = C7A8D29217E1397800D235ED /* Build configuration list for PBXNativeTarget "haikuTests" */;
			buildPhases = (
				C7A8D27A17E1397800D235ED /* Sources */,
				C7A8D27B17E1397800D235ED /* Frameworks */,
				C7A8D27C17E1397800D235ED /* Resources */,
			);
			buildRules = (
			);
			dependencies = (
				C7A8D28417E1397800D235ED /* PBXTargetDependency */,
			);
			name = haikuTests;
			productName = haikuTests;
			productReference = C7A8D27E17E1397800D235ED /* haikuTests.xctest */;
			productType = "com.apple.product-type.bundle.unit-test";
		};
/* End PBXNativeTarget section */

/* Begin PBXProject section */
		C7A8D25217E1397800D235ED /* Project object */ = {
			isa = PBXProject;
			attributes = {
				CLASSPREFIX = HK;
				LastUpgradeCheck = 0500;
				ORGANIZATIONNAME = "The Hackerati";
				TargetAttributes = {
					C7A8D27D17E1397800D235ED = {
						TestTargetID = C7A8D25917E1397800D235ED;
					};
				};
			};
			buildConfigurationList = C7A8D25517E1397800D235ED /* Build configuration list for PBXProject "haiku" */;
			compatibilityVersion = "Xcode 3.2";
			developmentRegion = English;
			hasScannedForEncodings = 0;
			knownRegions = (
				en,
				Base,
			);
			mainGroup = C7A8D25117E1397800D235ED;
			productRefGroup = C7A8D25B17E1397800D235ED /* Products */;
			projectDirPath = "";
			projectRoot = "";
			targets = (
				C7A8D25917E1397800D235ED /* haiku */,
				C7A8D27D17E1397800D235ED /* haikuTests */,
			);
		};
/* End PBXProject section */

/* Begin PBXResourcesBuildPhase section */
		C7A8D25817E1397800D235ED /* Resources */ = {
			isa = PBXResourcesBuildPhase;
			buildActionMask = 2147483647;
			files = (
				969C536B17FCB0F100B959A3 /* PoemData.sqlite in Resources */,
				D47946C31819A2CA00B7641C /* images in Resources */,
				9C9A336B18009A8A00A76468 /* HKAllPoemsViewController_iPhone.xib in Resources */,
				C7A8D27417E1397800D235ED /* Main_iPad.storyboard in Resources */,
				9C9A336D18009AFB00A76468 /* HKFavoritePoemsViewController_iPhone.xib in Resources */,
				9C4CED8517E54D1A00D32549 /* iphone_tmpl.html in Resources */,
				9C4CED8717E54E2D00D32549 /* iphone_tmpl.css in Resources */,
				C7A8D27917E1397800D235ED /* Images.xcassets in Resources */,
				9C9A33691800996D00A76468 /* HKHomeViewController_iPhone.xib in Resources */,
				C7A8D27117E1397800D235ED /* Main_iPhone.storyboard in Resources */,
				C7A8D26817E1397800D235ED /* InfoPlist.strings in Resources */,
			);
			runOnlyForDeploymentPostprocessing = 0;
		};
		C7A8D27C17E1397800D235ED /* Resources */ = {
			isa = PBXResourcesBuildPhase;
			buildActionMask = 2147483647;
			files = (
				C7A8D28A17E1397800D235ED /* InfoPlist.strings in Resources */,
			);
			runOnlyForDeploymentPostprocessing = 0;
		};
/* End PBXResourcesBuildPhase section */

/* Begin PBXSourcesBuildPhase section */
		C7A8D25617E1397800D235ED /* Sources */ = {
			isa = PBXSourcesBuildPhase;
			buildActionMask = 2147483647;
			files = (
				9C4CED7517E53C6800D32549 /* HKPoemsListViewController.m in Sources */,
				9C4CED7817E53C8200D32549 /* HKFavoritePoemsViewController.m in Sources */,
				C7A8D26A17E1397800D235ED /* main.m in Sources */,
				969C535E17FCAA9C00B959A3 /* HKPoem.m in Sources */,
				9C4CED7B17E53C9900D32549 /* HKAllPoemsViewController.m in Sources */,
				969C535F17FCAA9C00B959A3 /* HKPoemDataModel.xcdatamodeld in Sources */,
				9C9A33671800987D00A76468 /* HKInitialViewController.m in Sources */,
				969C535D17FCAA9C00B959A3 /* HKCategory.m in Sources */,
				9CB5CD2B17FBB0F400DD01BC /* HKCoreDataHandler.m in Sources */,
				9C4CED6717E53ACA00D32549 /* HKBaseViewController.m in Sources */,
				9C4CEE9B17E557B100D32549 /* SWRevealViewController.m in Sources */,
				9C4CED6B17E53B1300D32549 /* HKHomeViewController.m in Sources */,
				C7A8D26E17E1397800D235ED /* HKAppDelegate.m in Sources */,
				9C4CED7F17E5420100D32549 /* HKPoemWebView.m in Sources */,
			);
			runOnlyForDeploymentPostprocessing = 0;
		};
		C7A8D27A17E1397800D235ED /* Sources */ = {
			isa = PBXSourcesBuildPhase;
			buildActionMask = 2147483647;
			files = (
				C7A8D28C17E1397800D235ED /* haikuTests.m in Sources */,
			);
			runOnlyForDeploymentPostprocessing = 0;
		};
/* End PBXSourcesBuildPhase section */

/* Begin PBXTargetDependency section */
		C7A8D28417E1397800D235ED /* PBXTargetDependency */ = {
			isa = PBXTargetDependency;
			target = C7A8D25917E1397800D235ED /* haiku */;
			targetProxy = C7A8D28317E1397800D235ED /* PBXContainerItemProxy */;
		};
/* End PBXTargetDependency section */

/* Begin PBXVariantGroup section */
		C7A8D26617E1397800D235ED /* InfoPlist.strings */ = {
			isa = PBXVariantGroup;
			children = (
				C7A8D26717E1397800D235ED /* en */,
			);
			name = InfoPlist.strings;
			sourceTree = "<group>";
		};
		C7A8D26F17E1397800D235ED /* Main_iPhone.storyboard */ = {
			isa = PBXVariantGroup;
			children = (
				C7A8D27017E1397800D235ED /* Base */,
			);
			name = Main_iPhone.storyboard;
			sourceTree = "<group>";
		};
		C7A8D27217E1397800D235ED /* Main_iPad.storyboard */ = {
			isa = PBXVariantGroup;
			children = (
				C7A8D27317E1397800D235ED /* Base */,
			);
			name = Main_iPad.storyboard;
			sourceTree = "<group>";
		};
		C7A8D28817E1397800D235ED /* InfoPlist.strings */ = {
			isa = PBXVariantGroup;
			children = (
				C7A8D28917E1397800D235ED /* en */,
			);
			name = InfoPlist.strings;
			sourceTree = "<group>";
		};
/* End PBXVariantGroup section */

/* Begin XCBuildConfiguration section */
		C7A8D28D17E1397800D235ED /* Debug */ = {
			isa = XCBuildConfiguration;
			buildSettings = {
				ALWAYS_SEARCH_USER_PATHS = NO;
				CLANG_CXX_LANGUAGE_STANDARD = "gnu++0x";
				CLANG_CXX_LIBRARY = "libc++";
				CLANG_ENABLE_MODULES = YES;
				CLANG_ENABLE_OBJC_ARC = YES;
				CLANG_WARN_BOOL_CONVERSION = YES;
				CLANG_WARN_CONSTANT_CONVERSION = YES;
				CLANG_WARN_DIRECT_OBJC_ISA_USAGE = YES_ERROR;
				CLANG_WARN_EMPTY_BODY = YES;
				CLANG_WARN_ENUM_CONVERSION = YES;
				CLANG_WARN_INT_CONVERSION = YES;
				CLANG_WARN_OBJC_ROOT_CLASS = YES_ERROR;
				CLANG_WARN__DUPLICATE_METHOD_MATCH = YES;
				"CODE_SIGN_IDENTITY[sdk=iphoneos*]" = "iPhone Developer";
				COPY_PHASE_STRIP = NO;
				GCC_C_LANGUAGE_STANDARD = gnu99;
				GCC_DYNAMIC_NO_PIC = NO;
				GCC_OPTIMIZATION_LEVEL = 0;
				GCC_PREPROCESSOR_DEFINITIONS = (
					"DEBUG=1",
					"$(inherited)",
				);
				GCC_SYMBOLS_PRIVATE_EXTERN = NO;
				GCC_WARN_ABOUT_RETURN_TYPE = YES_ERROR;
				GCC_WARN_UNDECLARED_SELECTOR = YES;
				GCC_WARN_UNINITIALIZED_AUTOS = YES;
				GCC_WARN_UNUSED_FUNCTION = YES;
				GCC_WARN_UNUSED_VARIABLE = YES;
				IPHONEOS_DEPLOYMENT_TARGET = 7.0;
				ONLY_ACTIVE_ARCH = YES;
				SDKROOT = iphoneos;
				TARGETED_DEVICE_FAMILY = "1,2";
			};
			name = Debug;
		};
		C7A8D28E17E1397800D235ED /* Release */ = {
			isa = XCBuildConfiguration;
			buildSettings = {
				ALWAYS_SEARCH_USER_PATHS = NO;
				CLANG_CXX_LANGUAGE_STANDARD = "gnu++0x";
				CLANG_CXX_LIBRARY = "libc++";
				CLANG_ENABLE_MODULES = YES;
				CLANG_ENABLE_OBJC_ARC = YES;
				CLANG_WARN_BOOL_CONVERSION = YES;
				CLANG_WARN_CONSTANT_CONVERSION = YES;
				CLANG_WARN_DIRECT_OBJC_ISA_USAGE = YES_ERROR;
				CLANG_WARN_EMPTY_BODY = YES;
				CLANG_WARN_ENUM_CONVERSION = YES;
				CLANG_WARN_INT_CONVERSION = YES;
				CLANG_WARN_OBJC_ROOT_CLASS = YES_ERROR;
				CLANG_WARN__DUPLICATE_METHOD_MATCH = YES;
				"CODE_SIGN_IDENTITY[sdk=iphoneos*]" = "iPhone Developer";
				COPY_PHASE_STRIP = YES;
				ENABLE_NS_ASSERTIONS = NO;
				GCC_C_LANGUAGE_STANDARD = gnu99;
				GCC_WARN_ABOUT_RETURN_TYPE = YES_ERROR;
				GCC_WARN_UNDECLARED_SELECTOR = YES;
				GCC_WARN_UNINITIALIZED_AUTOS = YES;
				GCC_WARN_UNUSED_FUNCTION = YES;
				GCC_WARN_UNUSED_VARIABLE = YES;
				IPHONEOS_DEPLOYMENT_TARGET = 7.0;
				SDKROOT = iphoneos;
				TARGETED_DEVICE_FAMILY = "1,2";
				VALIDATE_PRODUCT = YES;
			};
			name = Release;
		};
		C7A8D29017E1397800D235ED /* Debug */ = {
			isa = XCBuildConfiguration;
			buildSettings = {
				ASSETCATALOG_COMPILER_APPICON_NAME = AppIcon;
				ASSETCATALOG_COMPILER_LAUNCHIMAGE_NAME = LaunchImage;
				GCC_PRECOMPILE_PREFIX_HEADER = YES;
				GCC_PREFIX_HEADER = "haiku/haiku-Prefix.pch";
				INFOPLIST_FILE = "haiku/haiku-Info.plist";
				PRODUCT_NAME = "$(TARGET_NAME)";
				WRAPPER_EXTENSION = app;
			};
			name = Debug;
		};
		C7A8D29117E1397800D235ED /* Release */ = {
			isa = XCBuildConfiguration;
			buildSettings = {
				ASSETCATALOG_COMPILER_APPICON_NAME = AppIcon;
				ASSETCATALOG_COMPILER_LAUNCHIMAGE_NAME = LaunchImage;
				GCC_PRECOMPILE_PREFIX_HEADER = YES;
				GCC_PREFIX_HEADER = "haiku/haiku-Prefix.pch";
				INFOPLIST_FILE = "haiku/haiku-Info.plist";
				PRODUCT_NAME = "$(TARGET_NAME)";
				WRAPPER_EXTENSION = app;
			};
			name = Release;
		};
		C7A8D29317E1397800D235ED /* Debug */ = {
			isa = XCBuildConfiguration;
			buildSettings = {
				BUNDLE_LOADER = "$(BUILT_PRODUCTS_DIR)/haiku.app/haiku";
				FRAMEWORK_SEARCH_PATHS = (
					"$(SDKROOT)/Developer/Library/Frameworks",
					"$(inherited)",
					"$(SYSTEM_APPS_DIR)/Xcode5-DP.app/Contents/Developer/Library/Frameworks",
				);
				GCC_PRECOMPILE_PREFIX_HEADER = YES;
				GCC_PREFIX_HEADER = "haiku/haiku-Prefix.pch";
				GCC_PREPROCESSOR_DEFINITIONS = (
					"DEBUG=1",
					"$(inherited)",
				);
				INFOPLIST_FILE = "haikuTests/haikuTests-Info.plist";
				PRODUCT_NAME = "$(TARGET_NAME)";
				TEST_HOST = "$(BUNDLE_LOADER)";
				WRAPPER_EXTENSION = xctest;
			};
			name = Debug;
		};
		C7A8D29417E1397800D235ED /* Release */ = {
			isa = XCBuildConfiguration;
			buildSettings = {
				BUNDLE_LOADER = "$(BUILT_PRODUCTS_DIR)/haiku.app/haiku";
				FRAMEWORK_SEARCH_PATHS = (
					"$(SDKROOT)/Developer/Library/Frameworks",
					"$(inherited)",
					"$(SYSTEM_APPS_DIR)/Xcode5-DP.app/Contents/Developer/Library/Frameworks",
				);
				GCC_PRECOMPILE_PREFIX_HEADER = YES;
				GCC_PREFIX_HEADER = "haiku/haiku-Prefix.pch";
				INFOPLIST_FILE = "haikuTests/haikuTests-Info.plist";
				PRODUCT_NAME = "$(TARGET_NAME)";
				TEST_HOST = "$(BUNDLE_LOADER)";
				WRAPPER_EXTENSION = xctest;
			};
			name = Release;
		};
/* End XCBuildConfiguration section */

/* Begin XCConfigurationList section */
		C7A8D25517E1397800D235ED /* Build configuration list for PBXProject "haiku" */ = {
			isa = XCConfigurationList;
			buildConfigurations = (
				C7A8D28D17E1397800D235ED /* Debug */,
				C7A8D28E17E1397800D235ED /* Release */,
			);
			defaultConfigurationIsVisible = 0;
			defaultConfigurationName = Release;
		};
		C7A8D28F17E1397800D235ED /* Build configuration list for PBXNativeTarget "haiku" */ = {
			isa = XCConfigurationList;
			buildConfigurations = (
				C7A8D29017E1397800D235ED /* Debug */,
				C7A8D29117E1397800D235ED /* Release */,
			);
			defaultConfigurationIsVisible = 0;
			defaultConfigurationName = Release;
		};
		C7A8D29217E1397800D235ED /* Build configuration list for PBXNativeTarget "haikuTests" */ = {
			isa = XCConfigurationList;
			buildConfigurations = (
				C7A8D29317E1397800D235ED /* Debug */,
				C7A8D29417E1397800D235ED /* Release */,
			);
			defaultConfigurationIsVisible = 0;
			defaultConfigurationName = Release;
		};
/* End XCConfigurationList section */

/* Begin XCVersionGroup section */
		969C535B17FCAA9C00B959A3 /* HKPoemDataModel.xcdatamodeld */ = {
			isa = XCVersionGroup;
			children = (
				969C535C17FCAA9C00B959A3 /* HKPoemDataModel.xcdatamodel */,
			);
			currentVersion = 969C535C17FCAA9C00B959A3 /* HKPoemDataModel.xcdatamodel */;
			name = HKPoemDataModel.xcdatamodeld;
			path = "Third-Party Libraries/PoemData/PoemData/HKPoemDataModel.xcdatamodeld";
			sourceTree = "<group>";
			versionGroupType = wrapper.xcdatamodel;
		};
/* End XCVersionGroup section */
	};
	rootObject = C7A8D25217E1397800D235ED /* Project object */;
}
